
Microsoft Visual Studio Solution File, Format Version 12.00
# Visual Studio Version 17
VisualStudioVersion = 17.5.002.0
MinimumVisualStudioVersion = 10.0.40219.1
Project("{9A19103F-16F7-4668-BE54-9A1E7A4F7556}") = "LacosDeRepeticao", "LacosDeRepeticao.csproj", "{8A494B6B-4AA0-46C8-970D-3E61F6147C85}"
EndProject
Global
	GlobalSection(SolutionConfigurationPlatforms) = preSolution
		Debug|Any CPU = Debug|Any CPU
		Release|Any CPU = Release|Any CPU
	EndGlobalSection
	GlobalSection(ProjectConfigurationPlatforms) = postSolution
		{8A494B6B-4AA0-46C8-970D-3E61F6147C85}.Debug|Any CPU.ActiveCfg = Debug|Any CPU
		{8A494B6B-4AA0-46C8-970D-3E61F6147C85}.Debug|Any CPU.Build.0 = Debug|Any CPU
		{8A494B6B-4AA0-46C8-970D-3E61F6147C85}.Release|Any CPU.ActiveCfg = Release|Any CPU
		{8A494B6B-4AA0-46C8-970D-3E61F6147C85}.Release|Any CPU.Build.0 = Release|Any CPU
	EndGlobalSection
	GlobalSection(SolutionProperties) = preSolution
		HideSolutionNode = FALSE
	EndGlobalSection
	GlobalSection(ExtensibilityGlobals) = postSolution
		SolutionGuid = {EBE7B504-ADEB-4441-8A41-27E103797C4A}
	EndGlobalSection
EndGlobal
